
Microsoft Visual Studio Solution File, Format Version 12.00
# Visual Studio Version 16
VisualStudioVersion = 16.0.30413.136
MinimumVisualStudioVersion = 10.0.40219.1
Project("{FAE04EC0-301F-11D3-BF4B-00C04F79EFBC}") = "Program2", "Program2\Program2.csproj", "{1C1675D2-910A-473F-831C-97C8DF4196CB}"
EndProject
Global
	GlobalSection(SolutionConfigurationPlatforms) = preSolution
		Debug|Any CPU = Debug|Any CPU
		Release|Any CPU = Release|Any CPU
	EndGlobalSection
	GlobalSection(ProjectConfigurationPlatforms) = postSolution
		{1C1675D2-910A-473F-831C-97C8DF4196CB}.Debug|Any CPU.ActiveCfg = Debug|Any CPU
		{1C1675D2-910A-473F-831C-97C8DF4196CB}.Debug|Any CPU.Build.0 = Debug|Any CPU
		{1C1675D2-910A-473F-831C-97C8DF4196CB}.Release|Any CPU.ActiveCfg = Release|Any CPU
		{1C1675D2-910A-473F-831C-97C8DF4196CB}.Release|Any CPU.Build.0 = Release|Any CPU
	EndGlobalSection
	GlobalSection(SolutionProperties) = preSolution
		HideSolutionNode = FALSE
	EndGlobalSection
	GlobalSection(ExtensibilityGlobals) = postSolution
		SolutionGuid = {F91BA54E-C82D-4320-BE28-FDA538324834}
	EndGlobalSection
EndGlobal
