
Microsoft Visual Studio Solution File, Format Version 12.00
# Visual Studio Version 16
VisualStudioVersion = 16.0.30413.136
MinimumVisualStudioVersion = 10.0.40219.1
Project("{FAE04EC0-301F-11D3-BF4B-00C04F79EFBC}") = "Program15", "Program15\Program15.csproj", "{DA6646F9-0F0A-4431-B55C-E5F740545502}"
EndProject
Global
	GlobalSection(SolutionConfigurationPlatforms) = preSolution
		Debug|Any CPU = Debug|Any CPU
		Release|Any CPU = Release|Any CPU
	EndGlobalSection
	GlobalSection(ProjectConfigurationPlatforms) = postSolution
		{DA6646F9-0F0A-4431-B55C-E5F740545502}.Debug|Any CPU.ActiveCfg = Debug|Any CPU
		{DA6646F9-0F0A-4431-B55C-E5F740545502}.Debug|Any CPU.Build.0 = Debug|Any CPU
		{DA6646F9-0F0A-4431-B55C-E5F740545502}.Release|Any CPU.ActiveCfg = Release|Any CPU
		{DA6646F9-0F0A-4431-B55C-E5F740545502}.Release|Any CPU.Build.0 = Release|Any CPU
	EndGlobalSection
	GlobalSection(SolutionProperties) = preSolution
		HideSolutionNode = FALSE
	EndGlobalSection
	GlobalSection(ExtensibilityGlobals) = postSolution
		SolutionGuid = {80ABA2AF-42D4-4668-93E7-D7AD5C92D39E}
	EndGlobalSection
EndGlobal
